
Microsoft Visual Studio Solution File, Format Version 12.00
# Visual Studio 15
Project("{FAE04EC0-301F-11D3-BF4B-00C04F79EFBC}") = "Assembly-CSharp", "Assembly-CSharp.csproj", "{AF6A8EF3-D433-036D-2EF5-50381FC6417E}"
EndProject
Project("{FAE04EC0-301F-11D3-BF4B-00C04F79EFBC}") = "Assembly-CSharp-Editor", "Assembly-CSharp-Editor.csproj", "{524D1976-7DA6-AEB3-F25A-D90CDD769E0E}"
EndProject
Global
	GlobalSection(SolutionConfigurationPlatforms) = preSolution
		Debug|Any CPU = Debug|Any CPU
		Release|Any CPU = Release|Any CPU
	EndGlobalSection
	GlobalSection(ProjectConfigurationPlatforms) = postSolution
		{AF6A8EF3-D433-036D-2EF5-50381FC6417E}.Debug|Any CPU.ActiveCfg = Debug|Any CPU
		{AF6A8EF3-D433-036D-2EF5-50381FC6417E}.Debug|Any CPU.Build.0 = Debug|Any CPU
		{AF6A8EF3-D433-036D-2EF5-50381FC6417E}.Release|Any CPU.ActiveCfg = Release|Any CPU
		{AF6A8EF3-D433-036D-2EF5-50381FC6417E}.Release|Any CPU.Build.0 = Release|Any CPU
		{524D1976-7DA6-AEB3-F25A-D90CDD769E0E}.Debug|Any CPU.ActiveCfg = Debug|Any CPU
		{524D1976-7DA6-AEB3-F25A-D90CDD769E0E}.Debug|Any CPU.Build.0 = Debug|Any CPU
		{524D1976-7DA6-AEB3-F25A-D90CDD769E0E}.Release|Any CPU.ActiveCfg = Release|Any CPU
		{524D1976-7DA6-AEB3-F25A-D90CDD769E0E}.Release|Any CPU.Build.0 = Release|Any CPU
	EndGlobalSection
	GlobalSection(SolutionProperties) = preSolution
		HideSolutionNode = FALSE
	EndGlobalSection
EndGlobal
